{
  "version": 4,
  "terraform_version": "1.14.1",
  "serial": 16,
  "lineage": "e39d984b-f1f2-ca6e-cdc0-b4bae09b449e",
  "outputs": {
    "sp2_private_ip": {
      "value": "172.17.1.10",
      "type": "string"
    },
    "sp2_public_ip": {
      "value": "20.245.120.24",
      "type": "string"
    }
  },
  "resources": [
    {
      "mode": "managed",
      "type": "azurerm_network_security_group",
      "name": "sp2_nsg",
      "provider": "provider[\"registry.terraform.io/hashicorp/azurerm\"]",
      "instances": [
        {
          "schema_version": 0,
          "attributes": {
            "id": "/subscriptions/a7c4673c-e710-4514-b6e1-40cf4d73da90/resourceGroups/AZB50-SP2-RG/providers/Microsoft.Network/networkSecurityGroups/AZB50-SP2-RG_NSG1",
            "location": "westus",
            "name": "AZB50-SP2-RG_NSG1",
            "resource_group_name": "AZB50-SP2-RG",
            "security_rule": [],
            "tags": null,
            "timeouts": null
          },
          "sensitive_attributes": [],
          "identity_schema_version": 0,
          "private": "eyJlMmJmYjczMC1lY2FhLTExZTYtOGY4OC0zNDM2M2JjN2M0YzAiOnsiY3JlYXRlIjoxODAwMDAwMDAwMDAwLCJkZWxldGUiOjE4MDAwMDAwMDAwMDAsInJlYWQiOjMwMDAwMDAwMDAwMCwidXBkYXRlIjoxODAwMDAwMDAwMDAwfX0=",
          "dependencies": [
            "azurerm_resource_group.sp2"
          ]
        }
      ]
    },
    {
      "mode": "managed",
      "type": "azurerm_network_security_rule",
      "name": "allow_icmp",
      "provider": "provider[\"registry.terraform.io/hashicorp/azurerm\"]",
      "instances": [
        {
          "schema_version": 0,
          "attributes": {
            "access": "Allow",
            "description": "",
            "destination_address_prefix": "*",
            "destination_address_prefixes": null,
            "destination_application_security_group_ids": null,
            "destination_port_range": "*",
            "destination_port_ranges": null,
            "direction": "Inbound",
            "id": "/subscriptions/a7c4673c-e710-4514-b6e1-40cf4d73da90/resourceGroups/AZB50-SP2-RG/providers/Microsoft.Network/networkSecurityGroups/AZB50-SP2-RG_NSG1/securityRules/AZB50-SP2-RG_NSG1_RULE2",
            "name": "AZB50-SP2-RG_NSG1_RULE2",
            "network_security_group_name": "AZB50-SP2-RG_NSG1",
            "priority": 101,
            "protocol": "Icmp",
            "resource_group_name": "AZB50-SP2-RG",
            "source_address_prefix": "*",
            "source_address_prefixes": null,
            "source_application_security_group_ids": null,
            "source_port_range": "*",
            "source_port_ranges": null,
            "timeouts": null
          },
          "sensitive_attributes": [],
          "identity_schema_version": 0,
          "private": "eyJlMmJmYjczMC1lY2FhLTExZTYtOGY4OC0zNDM2M2JjN2M0YzAiOnsiY3JlYXRlIjoxODAwMDAwMDAwMDAwLCJkZWxldGUiOjE4MDAwMDAwMDAwMDAsInJlYWQiOjMwMDAwMDAwMDAwMCwidXBkYXRlIjoxODAwMDAwMDAwMDAwfX0=",
          "dependencies": [
            "azurerm_network_security_group.sp2_nsg",
            "azurerm_resource_group.sp2"
          ]
        }
      ]
    },
    {
      "mode": "managed",
      "type": "azurerm_network_security_rule",
      "name": "allow_tcp",
      "provider": "provider[\"registry.terraform.io/hashicorp/azurerm\"]",
      "instances": [
        {
          "schema_version": 0,
          "attributes": {
            "access": "Allow",
            "description": "",
            "destination_address_prefix": "*",
            "destination_address_prefixes": null,
            "destination_application_security_group_ids": null,
            "destination_port_range": "*",
            "destination_port_ranges": null,
            "direction": "Inbound",
            "id": "/subscriptions/a7c4673c-e710-4514-b6e1-40cf4d73da90/resourceGroups/AZB50-SP2-RG/providers/Microsoft.Network/networkSecurityGroups/AZB50-SP2-RG_NSG1/securityRules/AZB50-SP2-RG_NSG1_RULE1",
            "name": "AZB50-SP2-RG_NSG1_RULE1",
            "network_security_group_name": "AZB50-SP2-RG_NSG1",
            "priority": 100,
            "protocol": "Tcp",
            "resource_group_name": "AZB50-SP2-RG",
            "source_address_prefix": "*",
            "source_address_prefixes": null,
            "source_application_security_group_ids": null,
            "source_port_range": "*",
            "source_port_ranges": null,
            "timeouts": null
          },
          "sensitive_attributes": [],
          "identity_schema_version": 0,
          "private": "eyJlMmJmYjczMC1lY2FhLTExZTYtOGY4OC0zNDM2M2JjN2M0YzAiOnsiY3JlYXRlIjoxODAwMDAwMDAwMDAwLCJkZWxldGUiOjE4MDAwMDAwMDAwMDAsInJlYWQiOjMwMDAwMDAwMDAwMCwidXBkYXRlIjoxODAwMDAwMDAwMDAwfX0=",
          "dependencies": [
            "azurerm_network_security_group.sp2_nsg",
            "azurerm_resource_group.sp2"
          ]
        }
      ]
    },
    {
      "mode": "managed",
      "type": "azurerm_resource_group",
      "name": "sp2",
      "provider": "provider[\"registry.terraform.io/hashicorp/azurerm\"]",
      "instances": [
        {
          "schema_version": 0,
          "attributes": {
            "id": "/subscriptions/a7c4673c-e710-4514-b6e1-40cf4d73da90/resourceGroups/AZB50-SP2-RG",
            "location": "westus",
            "managed_by": "",
            "name": "AZB50-SP2-RG",
            "tags": {},
            "timeouts": null
          },
          "sensitive_attributes": [],
          "identity_schema_version": 0,
          "private": "eyJlMmJmYjczMC1lY2FhLTExZTYtOGY4OC0zNDM2M2JjN2M0YzAiOnsiY3JlYXRlIjo1NDAwMDAwMDAwMDAwLCJkZWxldGUiOjU0MDAwMDAwMDAwMDAsInJlYWQiOjMwMDAwMDAwMDAwMCwidXBkYXRlIjo1NDAwMDAwMDAwMDAwfX0="
        }
      ]
    },
    {
      "mode": "managed",
      "type": "azurerm_subnet",
      "name": "subnet1",
      "provider": "provider[\"registry.terraform.io/hashicorp/azurerm\"]",
      "instances": [
        {
          "schema_version": 0,
          "attributes": {
            "address_prefixes": [
              "172.17.1.0/24"
            ],
            "default_outbound_access_enabled": true,
            "delegation": [],
            "id": "/subscriptions/a7c4673c-e710-4514-b6e1-40cf4d73da90/resourceGroups/AZB50-SP2-RG/providers/Microsoft.Network/virtualNetworks/AZB50-SP2-RG-vNET1/subnets/AZB50-SP2-RG-Subnet-1",
            "name": "AZB50-SP2-RG-Subnet-1",
            "private_endpoint_network_policies": "Disabled",
            "private_link_service_network_policies_enabled": true,
            "resource_group_name": "AZB50-SP2-RG",
            "service_endpoint_policy_ids": [],
            "service_endpoints": [],
            "timeouts": null,
            "virtual_network_name": "AZB50-SP2-RG-vNET1"
          },
          "sensitive_attributes": [],
          "identity_schema_version": 0,
          "private": "eyJlMmJmYjczMC1lY2FhLTExZTYtOGY4OC0zNDM2M2JjN2M0YzAiOnsiY3JlYXRlIjoxODAwMDAwMDAwMDAwLCJkZWxldGUiOjE4MDAwMDAwMDAwMDAsInJlYWQiOjMwMDAwMDAwMDAwMCwidXBkYXRlIjoxODAwMDAwMDAwMDAwfX0=",
          "dependencies": [
            "azurerm_resource_group.sp2",
            "azurerm_virtual_network.sp2_vnet"
          ]
        }
      ]
    },
    {
      "mode": "managed",
      "type": "azurerm_virtual_network",
      "name": "sp2_vnet",
      "provider": "provider[\"registry.terraform.io/hashicorp/azurerm\"]",
      "instances": [
        {
          "schema_version": 0,
          "attributes": {
            "address_space": [
              "172.17.0.0/16"
            ],
            "bgp_community": "",
            "ddos_protection_plan": [],
            "dns_servers": [],
            "edge_zone": "",
            "encryption": [],
            "flow_timeout_in_minutes": 0,
            "guid": "90f2a763-05c2-4d5b-b343-a32b0dcb3f8d",
            "id": "/subscriptions/a7c4673c-e710-4514-b6e1-40cf4d73da90/resourceGroups/AZB50-SP2-RG/providers/Microsoft.Network/virtualNetworks/AZB50-SP2-RG-vNET1",
            "location": "westus",
            "name": "AZB50-SP2-RG-vNET1",
            "resource_group_name": "AZB50-SP2-RG",
            "subnet": [
              {
                "address_prefixes": [
                  "172.17.1.0/24"
                ],
                "default_outbound_access_enabled": true,
                "delegation": [],
                "id": "/subscriptions/a7c4673c-e710-4514-b6e1-40cf4d73da90/resourceGroups/AZB50-SP2-RG/providers/Microsoft.Network/virtualNetworks/AZB50-SP2-RG-vNET1/subnets/AZB50-SP2-RG-Subnet-1",
                "name": "AZB50-SP2-RG-Subnet-1",
                "private_endpoint_network_policies": "Disabled",
                "private_link_service_network_policies_enabled": true,
                "route_table_id": "",
                "security_group": "",
                "service_endpoint_policy_ids": [],
                "service_endpoints": []
              }
            ],
            "tags": {},
            "timeouts": null
          },
          "sensitive_attributes": [],
          "identity_schema_version": 0,
          "private": "eyJlMmJmYjczMC1lY2FhLTExZTYtOGY4OC0zNDM2M2JjN2M0YzAiOnsiY3JlYXRlIjoxODAwMDAwMDAwMDAwLCJkZWxldGUiOjE4MDAwMDAwMDAwMDAsInJlYWQiOjMwMDAwMDAwMDAwMCwidXBkYXRlIjoxODAwMDAwMDAwMDAwfX0=",
          "dependencies": [
            "azurerm_resource_group.sp2"
          ]
        }
      ]
    }
  ],
  "check_results": null
}
