{
  "version": 4,
  "terraform_version": "1.14.1",
  "serial": 5,
  "lineage": "eaf0bc55-d084-7b87-8523-63ef80b5eea8",
  "outputs": {},
  "resources": [
    {
      "mode": "data",
      "type": "azurerm_virtual_network",
      "name": "hub",
      "provider": "provider[\"registry.terraform.io/hashicorp/azurerm\"]",
      "instances": [
        {
          "schema_version": 0,
          "attributes": {
            "address_space": [
              "10.50.0.0/16"
            ],
            "dns_servers": [],
            "guid": "267a748a-8184-4aaa-b44b-b73a5e782480",
            "id": "/subscriptions/a7c4673c-e710-4514-b6e1-40cf4d73da90/resourceGroups/AZB50-HUB-RG/providers/Microsoft.Network/virtualNetworks/AZB50-HUB-RG-vNET1",
            "location": "eastus",
            "name": "AZB50-HUB-RG-vNET1",
            "resource_group_name": "AZB50-HUB-RG",
            "subnets": [
              "AzureBastionSubnet",
              "AzureFirewallSubnet",
              "JumpServersSubnet",
              "GatewaySubnet",
              "PvtEndpointSubnet"
            ],
            "tags": {},
            "timeouts": null,
            "vnet_peerings": {},
            "vnet_peerings_addresses": []
          },
          "sensitive_attributes": [],
          "identity_schema_version": 0
        }
      ]
    },
    {
      "mode": "data",
      "type": "azurerm_virtual_network",
      "name": "sp1",
      "provider": "provider[\"registry.terraform.io/hashicorp/azurerm\"]",
      "instances": [
        {
          "schema_version": 0,
          "attributes": {
            "address_space": [
              "172.16.0.0/16"
            ],
            "dns_servers": [],
            "guid": "903430ab-0bec-4075-92be-e74f6b3e6af0",
            "id": "/subscriptions/a7c4673c-e710-4514-b6e1-40cf4d73da90/resourceGroups/AZB50-SP1-RG/providers/Microsoft.Network/virtualNetworks/AZB50-SP1-RG-vNET1",
            "location": "eastus",
            "name": "AZB50-SP1-RG-vNET1",
            "resource_group_name": "AZB50-SP1-RG",
            "subnets": [
              "AZB50-SP1-RG-Subnet-2",
              "AZB50-SP1-RG-Subnet-1"
            ],
            "tags": {},
            "timeouts": null,
            "vnet_peerings": {},
            "vnet_peerings_addresses": []
          },
          "sensitive_attributes": [],
          "identity_schema_version": 0
        }
      ]
    },
    {
      "mode": "data",
      "type": "azurerm_virtual_network",
      "name": "sp2",
      "provider": "provider[\"registry.terraform.io/hashicorp/azurerm\"]",
      "instances": [
        {
          "schema_version": 0,
          "attributes": {
            "address_space": [
              "172.17.0.0/16"
            ],
            "dns_servers": [],
            "guid": "90f2a763-05c2-4d5b-b343-a32b0dcb3f8d",
            "id": "/subscriptions/a7c4673c-e710-4514-b6e1-40cf4d73da90/resourceGroups/AZB50-SP2-RG/providers/Microsoft.Network/virtualNetworks/AZB50-SP2-RG-vNET1",
            "location": "westus",
            "name": "AZB50-SP2-RG-vNET1",
            "resource_group_name": "AZB50-SP2-RG",
            "subnets": [
              "AZB50-SP2-RG-Subnet-1"
            ],
            "tags": {},
            "timeouts": null,
            "vnet_peerings": {},
            "vnet_peerings_addresses": []
          },
          "sensitive_attributes": [],
          "identity_schema_version": 0
        }
      ]
    },
    {
      "mode": "managed",
      "type": "azurerm_virtual_network_peering",
      "name": "hub_to_sp1",
      "provider": "provider[\"registry.terraform.io/hashicorp/azurerm\"]",
      "instances": [
        {
          "schema_version": 0,
          "attributes": {
            "allow_forwarded_traffic": false,
            "allow_gateway_transit": false,
            "allow_virtual_network_access": true,
            "id": "/subscriptions/a7c4673c-e710-4514-b6e1-40cf4d73da90/resourceGroups/AZB50-HUB-RG/providers/Microsoft.Network/virtualNetworks/AZB50-HUB-RG-vNET1/virtualNetworkPeerings/HUB-to-SP1",
            "local_subnet_names": null,
            "name": "HUB-to-SP1",
            "only_ipv6_peering_enabled": false,
            "peer_complete_virtual_networks_enabled": true,
            "remote_subnet_names": null,
            "remote_virtual_network_id": "/subscriptions/a7c4673c-e710-4514-b6e1-40cf4d73da90/resourceGroups/AZB50-SP1-RG/providers/Microsoft.Network/virtualNetworks/AZB50-SP1-RG-vNET1",
            "resource_group_name": "AZB50-HUB-RG",
            "timeouts": null,
            "triggers": null,
            "use_remote_gateways": false,
            "virtual_network_name": "AZB50-HUB-RG-vNET1"
          },
          "sensitive_attributes": [],
          "identity_schema_version": 0,
          "private": "eyJlMmJmYjczMC1lY2FhLTExZTYtOGY4OC0zNDM2M2JjN2M0YzAiOnsiY3JlYXRlIjoxODAwMDAwMDAwMDAwLCJkZWxldGUiOjE4MDAwMDAwMDAwMDAsInJlYWQiOjMwMDAwMDAwMDAwMCwidXBkYXRlIjoxODAwMDAwMDAwMDAwfX0=",
          "dependencies": [
            "data.azurerm_virtual_network.hub",
            "data.azurerm_virtual_network.sp1"
          ]
        }
      ]
    },
    {
      "mode": "managed",
      "type": "azurerm_virtual_network_peering",
      "name": "hub_to_sp2",
      "provider": "provider[\"registry.terraform.io/hashicorp/azurerm\"]",
      "instances": [
        {
          "schema_version": 0,
          "attributes": {
            "allow_forwarded_traffic": false,
            "allow_gateway_transit": false,
            "allow_virtual_network_access": true,
            "id": "/subscriptions/a7c4673c-e710-4514-b6e1-40cf4d73da90/resourceGroups/AZB50-HUB-RG/providers/Microsoft.Network/virtualNetworks/AZB50-HUB-RG-vNET1/virtualNetworkPeerings/HUB-to-SP2",
            "local_subnet_names": null,
            "name": "HUB-to-SP2",
            "only_ipv6_peering_enabled": false,
            "peer_complete_virtual_networks_enabled": true,
            "remote_subnet_names": null,
            "remote_virtual_network_id": "/subscriptions/a7c4673c-e710-4514-b6e1-40cf4d73da90/resourceGroups/AZB50-SP2-RG/providers/Microsoft.Network/virtualNetworks/AZB50-SP2-RG-vNET1",
            "resource_group_name": "AZB50-HUB-RG",
            "timeouts": null,
            "triggers": null,
            "use_remote_gateways": false,
            "virtual_network_name": "AZB50-HUB-RG-vNET1"
          },
          "sensitive_attributes": [],
          "identity_schema_version": 0,
          "private": "eyJlMmJmYjczMC1lY2FhLTExZTYtOGY4OC0zNDM2M2JjN2M0YzAiOnsiY3JlYXRlIjoxODAwMDAwMDAwMDAwLCJkZWxldGUiOjE4MDAwMDAwMDAwMDAsInJlYWQiOjMwMDAwMDAwMDAwMCwidXBkYXRlIjoxODAwMDAwMDAwMDAwfX0=",
          "dependencies": [
            "data.azurerm_virtual_network.hub",
            "data.azurerm_virtual_network.sp2"
          ]
        }
      ]
    },
    {
      "mode": "managed",
      "type": "azurerm_virtual_network_peering",
      "name": "sp1_to_hub",
      "provider": "provider[\"registry.terraform.io/hashicorp/azurerm\"]",
      "instances": [
        {
          "schema_version": 0,
          "attributes": {
            "allow_forwarded_traffic": false,
            "allow_gateway_transit": false,
            "allow_virtual_network_access": true,
            "id": "/subscriptions/a7c4673c-e710-4514-b6e1-40cf4d73da90/resourceGroups/AZB50-SP1-RG/providers/Microsoft.Network/virtualNetworks/AZB50-SP1-RG-vNET1/virtualNetworkPeerings/SP1-to-HUB",
            "local_subnet_names": null,
            "name": "SP1-to-HUB",
            "only_ipv6_peering_enabled": false,
            "peer_complete_virtual_networks_enabled": true,
            "remote_subnet_names": null,
            "remote_virtual_network_id": "/subscriptions/a7c4673c-e710-4514-b6e1-40cf4d73da90/resourceGroups/AZB50-HUB-RG/providers/Microsoft.Network/virtualNetworks/AZB50-HUB-RG-vNET1",
            "resource_group_name": "AZB50-SP1-RG",
            "timeouts": null,
            "triggers": null,
            "use_remote_gateways": false,
            "virtual_network_name": "AZB50-SP1-RG-vNET1"
          },
          "sensitive_attributes": [],
          "identity_schema_version": 0,
          "private": "eyJlMmJmYjczMC1lY2FhLTExZTYtOGY4OC0zNDM2M2JjN2M0YzAiOnsiY3JlYXRlIjoxODAwMDAwMDAwMDAwLCJkZWxldGUiOjE4MDAwMDAwMDAwMDAsInJlYWQiOjMwMDAwMDAwMDAwMCwidXBkYXRlIjoxODAwMDAwMDAwMDAwfX0=",
          "dependencies": [
            "data.azurerm_virtual_network.hub",
            "data.azurerm_virtual_network.sp1"
          ]
        }
      ]
    },
    {
      "mode": "managed",
      "type": "azurerm_virtual_network_peering",
      "name": "sp2_to_hub",
      "provider": "provider[\"registry.terraform.io/hashicorp/azurerm\"]",
      "instances": [
        {
          "schema_version": 0,
          "attributes": {
            "allow_forwarded_traffic": false,
            "allow_gateway_transit": false,
            "allow_virtual_network_access": true,
            "id": "/subscriptions/a7c4673c-e710-4514-b6e1-40cf4d73da90/resourceGroups/AZB50-SP2-RG/providers/Microsoft.Network/virtualNetworks/AZB50-SP2-RG-vNET1/virtualNetworkPeerings/SP2-to-HUB",
            "local_subnet_names": null,
            "name": "SP2-to-HUB",
            "only_ipv6_peering_enabled": false,
            "peer_complete_virtual_networks_enabled": true,
            "remote_subnet_names": null,
            "remote_virtual_network_id": "/subscriptions/a7c4673c-e710-4514-b6e1-40cf4d73da90/resourceGroups/AZB50-HUB-RG/providers/Microsoft.Network/virtualNetworks/AZB50-HUB-RG-vNET1",
            "resource_group_name": "AZB50-SP2-RG",
            "timeouts": null,
            "triggers": null,
            "use_remote_gateways": false,
            "virtual_network_name": "AZB50-SP2-RG-vNET1"
          },
          "sensitive_attributes": [],
          "identity_schema_version": 0,
          "private": "eyJlMmJmYjczMC1lY2FhLTExZTYtOGY4OC0zNDM2M2JjN2M0YzAiOnsiY3JlYXRlIjoxODAwMDAwMDAwMDAwLCJkZWxldGUiOjE4MDAwMDAwMDAwMDAsInJlYWQiOjMwMDAwMDAwMDAwMCwidXBkYXRlIjoxODAwMDAwMDAwMDAwfX0=",
          "dependencies": [
            "data.azurerm_virtual_network.hub",
            "data.azurerm_virtual_network.sp2"
          ]
        }
      ]
    }
  ],
  "check_results": null
}
